// !$*UTF8*$!
{
	archiveVersion = 1;
	classes = {
	};
	objectVersion = 52;
	objects = {

/* Begin PBXBuildFile section */
		90511A89262C9B4800089549 /* AppDelegate.swift in Sources */ = {isa = PBXBuildFile; fileRef = 90511A88262C9B4800089549 /* AppDelegate.swift */; };
		90511A8B262C9B4800089549 /* SceneDelegate.swift in Sources */ = {isa = PBXBuildFile; fileRef = 90511A8A262C9B4800089549 /* SceneDelegate.swift */; };
		90511A8D262C9B4800089549 /* ComicListView.swift in Sources */ = {isa = PBXBuildFile; fileRef = 90511A8C262C9B4800089549 /* ComicListView.swift */; };
		90511A8F262C9B4800089549 /* Assets.xcassets in Resources */ = {isa = PBXBuildFile; fileRef = 90511A8E262C9B4800089549 /* Assets.xcassets */; };
		90511A92262C9B4800089549 /* Preview Assets.xcassets in Resources */ = {isa = PBXBuildFile; fileRef = 90511A91262C9B4800089549 /* Preview Assets.xcassets */; };
		90511A95262C9B4800089549 /* LaunchScreen.storyboard in Resources */ = {isa = PBXBuildFile; fileRef = 90511A93262C9B4800089549 /* LaunchScreen.storyboard */; };
		90511AA0262C9B4900089549 /* ComicsTests.swift in Sources */ = {isa = PBXBuildFile; fileRef = 90511A9F262C9B4900089549 /* ComicsTests.swift */; };
		90511AAB262C9B4900089549 /* ComicsUITests.swift in Sources */ = {isa = PBXBuildFile; fileRef = 90511AAA262C9B4900089549 /* ComicsUITests.swift */; };
		90511ABF262C9D9100089549 /* ComicCarouselView.swift in Sources */ = {isa = PBXBuildFile; fileRef = 90511ABE262C9D9100089549 /* ComicCarouselView.swift */; };
		90511AC4262C9DC100089549 /* ComicsViewModel.swift in Sources */ = {isa = PBXBuildFile; fileRef = 90511AC3262C9DC100089549 /* ComicsViewModel.swift */; };
		90511AC9262C9DD100089549 /* ComicModel.swift in Sources */ = {isa = PBXBuildFile; fileRef = 90511AC8262C9DD100089549 /* ComicModel.swift */; };
		90511ACE262CA3AC00089549 /* ParallaxZoomView.swift in Sources */ = {isa = PBXBuildFile; fileRef = 90511ACD262CA3AC00089549 /* ParallaxZoomView.swift */; };
		90511AD7262CA58100089549 /* Constants.swift in Sources */ = {isa = PBXBuildFile; fileRef = 90511AD6262CA58100089549 /* Constants.swift */; };
		90511AE5262CA62800089549 /* SDWebImageSwiftUI in Frameworks */ = {isa = PBXBuildFile; productRef = 90511AE4262CA62800089549 /* SDWebImageSwiftUI */; };
		90511AEA262CA63500089549 /* ComicView.swift in Sources */ = {isa = PBXBuildFile; fileRef = 90511AE9262CA63500089549 /* ComicView.swift */; };
		90511AEF262CA68D00089549 /* OptionView.swift in Sources */ = {isa = PBXBuildFile; fileRef = 90511AEE262CA68D00089549 /* OptionView.swift */; };
		90511AF4262CA6A300089549 /* TabButton.swift in Sources */ = {isa = PBXBuildFile; fileRef = 90511AF3262CA6A300089549 /* TabButton.swift */; };
		90511AFA262CA71700089549 /* Font+Custom.swift in Sources */ = {isa = PBXBuildFile; fileRef = 90511AF8262CA71700089549 /* Font+Custom.swift */; };
		90511AFB262CA71700089549 /* View+Gradient.swift in Sources */ = {isa = PBXBuildFile; fileRef = 90511AF9262CA71700089549 /* View+Gradient.swift */; };
		90511B07262CA77500089549 /* Loader.swift in Sources */ = {isa = PBXBuildFile; fileRef = 90511B06262CA77500089549 /* Loader.swift */; };
		90511B11262CA7AA00089549 /* ViewModifiers.swift in Sources */ = {isa = PBXBuildFile; fileRef = 90511B0F262CA7AA00089549 /* ViewModifiers.swift */; };
		90511B12262CA7AA00089549 /* ViewGadient.swift in Sources */ = {isa = PBXBuildFile; fileRef = 90511B10262CA7AA00089549 /* ViewGadient.swift */; };
		90511B1B262CB69700089549 /* APIManager.swift in Sources */ = {isa = PBXBuildFile; fileRef = 90511B1A262CB69700089549 /* APIManager.swift */; };
		90511B20262CB72000089549 /* NetworkMonitor.swift in Sources */ = {isa = PBXBuildFile; fileRef = 90511B1F262CB72000089549 /* NetworkMonitor.swift */; };
		90511B27262CB73E00089549 /* URLSessionExtensions.swift in Sources */ = {isa = PBXBuildFile; fileRef = 90511B24262CB73E00089549 /* URLSessionExtensions.swift */; };
		90511B28262CB73E00089549 /* JsonDecode.swift in Sources */ = {isa = PBXBuildFile; fileRef = 90511B25262CB73E00089549 /* JsonDecode.swift */; };
		90511B29262CB73E00089549 /* RESTAPIProtocol.swift in Sources */ = {isa = PBXBuildFile; fileRef = 90511B26262CB73E00089549 /* RESTAPIProtocol.swift */; };
		90511B39262CBB4D00089549 /* CustomError.swift in Sources */ = {isa = PBXBuildFile; fileRef = 90511B38262CBB4D00089549 /* CustomError.swift */; };
/* End PBXBuildFile section */

/* Begin PBXContainerItemProxy section */
		90511A9C262C9B4900089549 /* PBXContainerItemProxy */ = {
			isa = PBXContainerItemProxy;
			containerPortal = 90511A7D262C9B4800089549 /* Project object */;
			proxyType = 1;
			remoteGlobalIDString = 90511A84262C9B4800089549;
			remoteInfo = Comics;
		};
		90511AA7262C9B4900089549 /* PBXContainerItemProxy */ = {
			isa = PBXContainerItemProxy;
			containerPortal = 90511A7D262C9B4800089549 /* Project object */;
			proxyType = 1;
			remoteGlobalIDString = 90511A84262C9B4800089549;
			remoteInfo = Comics;
		};
/* End PBXContainerItemProxy section */

/* Begin PBXFileReference section */
		90511A85262C9B4800089549 /* Comics.app */ = {isa = PBXFileReference; explicitFileType = wrapper.application; includeInIndex = 0; path = Comics.app; sourceTree = BUILT_PRODUCTS_DIR; };
		90511A88262C9B4800089549 /* AppDelegate.swift */ = {isa = PBXFileReference; lastKnownFileType = sourcecode.swift; path = AppDelegate.swift; sourceTree = "<group>"; };
		90511A8A262C9B4800089549 /* SceneDelegate.swift */ = {isa = PBXFileReference; lastKnownFileType = sourcecode.swift; path = SceneDelegate.swift; sourceTree = "<group>"; };
		90511A8C262C9B4800089549 /* ComicListView.swift */ = {isa = PBXFileReference; lastKnownFileType = sourcecode.swift; path = ComicListView.swift; sourceTree = "<group>"; };
		90511A8E262C9B4800089549 /* Assets.xcassets */ = {isa = PBXFileReference; lastKnownFileType = folder.assetcatalog; path = Assets.xcassets; sourceTree = "<group>"; };
		90511A91262C9B4800089549 /* Preview Assets.xcassets */ = {isa = PBXFileReference; lastKnownFileType = folder.assetcatalog; path = "Preview Assets.xcassets"; sourceTree = "<group>"; };
		90511A94262C9B4800089549 /* Base */ = {isa = PBXFileReference; lastKnownFileType = file.storyboard; name = Base; path = Base.lproj/LaunchScreen.storyboard; sourceTree = "<group>"; };
		90511A96262C9B4800089549 /* Info.plist */ = {isa = PBXFileReference; lastKnownFileType = text.plist.xml; path = Info.plist; sourceTree = "<group>"; };
		90511A9B262C9B4900089549 /* ComicsTests.xctest */ = {isa = PBXFileReference; explicitFileType = wrapper.cfbundle; includeInIndex = 0; path = ComicsTests.xctest; sourceTree = BUILT_PRODUCTS_DIR; };
		90511A9F262C9B4900089549 /* ComicsTests.swift */ = {isa = PBXFileReference; lastKnownFileType = sourcecode.swift; path = ComicsTests.swift; sourceTree = "<group>"; };
		90511AA1262C9B4900089549 /* Info.plist */ = {isa = PBXFileReference; lastKnownFileType = text.plist.xml; path = Info.plist; sourceTree = "<group>"; };
		90511AA6262C9B4900089549 /* ComicsUITests.xctest */ = {isa = PBXFileReference; explicitFileType = wrapper.cfbundle; includeInIndex = 0; path = ComicsUITests.xctest; sourceTree = BUILT_PRODUCTS_DIR; };
		90511AAA262C9B4900089549 /* ComicsUITests.swift */ = {isa = PBXFileReference; lastKnownFileType = sourcecode.swift; path = ComicsUITests.swift; sourceTree = "<group>"; };
		90511AAC262C9B4900089549 /* Info.plist */ = {isa = PBXFileReference; lastKnownFileType = text.plist.xml; path = Info.plist; sourceTree = "<group>"; };
		90511ABE262C9D9100089549 /* ComicCarouselView.swift */ = {isa = PBXFileReference; lastKnownFileType = sourcecode.swift; path = ComicCarouselView.swift; sourceTree = "<group>"; };
		90511AC3262C9DC100089549 /* ComicsViewModel.swift */ = {isa = PBXFileReference; lastKnownFileType = sourcecode.swift; path = ComicsViewModel.swift; sourceTree = "<group>"; };
		90511AC8262C9DD100089549 /* ComicModel.swift */ = {isa = PBXFileReference; lastKnownFileType = sourcecode.swift; path = ComicModel.swift; sourceTree = "<group>"; };
		90511ACD262CA3AC00089549 /* ParallaxZoomView.swift */ = {isa = PBXFileReference; fileEncoding = 4; lastKnownFileType = sourcecode.swift; path = ParallaxZoomView.swift; sourceTree = "<group>"; };
		90511AD6262CA58100089549 /* Constants.swift */ = {isa = PBXFileReference; lastKnownFileType = sourcecode.swift; path = Constants.swift; sourceTree = "<group>"; };
		90511AE9262CA63500089549 /* ComicView.swift */ = {isa = PBXFileReference; lastKnownFileType = sourcecode.swift; path = ComicView.swift; sourceTree = "<group>"; };
		90511AEE262CA68D00089549 /* OptionView.swift */ = {isa = PBXFileReference; lastKnownFileType = sourcecode.swift; path = OptionView.swift; sourceTree = "<group>"; };
		90511AF3262CA6A300089549 /* TabButton.swift */ = {isa = PBXFileReference; lastKnownFileType = sourcecode.swift; path = TabButton.swift; sourceTree = "<group>"; };
		90511AF8262CA71700089549 /* Font+Custom.swift */ = {isa = PBXFileReference; fileEncoding = 4; lastKnownFileType = sourcecode.swift; path = "Font+Custom.swift"; sourceTree = "<group>"; };
		90511AF9262CA71700089549 /* View+Gradient.swift */ = {isa = PBXFileReference; fileEncoding = 4; lastKnownFileType = sourcecode.swift; path = "View+Gradient.swift"; sourceTree = "<group>"; };
		90511B06262CA77500089549 /* Loader.swift */ = {isa = PBXFileReference; fileEncoding = 4; lastKnownFileType = sourcecode.swift; path = Loader.swift; sourceTree = "<group>"; };
		90511B0F262CA7AA00089549 /* ViewModifiers.swift */ = {isa = PBXFileReference; fileEncoding = 4; lastKnownFileType = sourcecode.swift; path = ViewModifiers.swift; sourceTree = "<group>"; };
		90511B10262CA7AA00089549 /* ViewGadient.swift */ = {isa = PBXFileReference; fileEncoding = 4; lastKnownFileType = sourcecode.swift; path = ViewGadient.swift; sourceTree = "<group>"; };
		90511B1A262CB69700089549 /* APIManager.swift */ = {isa = PBXFileReference; fileEncoding = 4; lastKnownFileType = sourcecode.swift; path = APIManager.swift; sourceTree = "<group>"; };
		90511B1F262CB72000089549 /* NetworkMonitor.swift */ = {isa = PBXFileReference; fileEncoding = 4; lastKnownFileType = sourcecode.swift; path = NetworkMonitor.swift; sourceTree = "<group>"; };
		90511B24262CB73E00089549 /* URLSessionExtensions.swift */ = {isa = PBXFileReference; fileEncoding = 4; lastKnownFileType = sourcecode.swift; path = URLSessionExtensions.swift; sourceTree = "<group>"; };
		90511B25262CB73E00089549 /* JsonDecode.swift */ = {isa = PBXFileReference; fileEncoding = 4; lastKnownFileType = sourcecode.swift; path = JsonDecode.swift; sourceTree = "<group>"; };
		90511B26262CB73E00089549 /* RESTAPIProtocol.swift */ = {isa = PBXFileReference; fileEncoding = 4; lastKnownFileType = sourcecode.swift; path = RESTAPIProtocol.swift; sourceTree = "<group>"; };
		90511B38262CBB4D00089549 /* CustomError.swift */ = {isa = PBXFileReference; fileEncoding = 4; lastKnownFileType = sourcecode.swift; path = CustomError.swift; sourceTree = "<group>"; };
/* End PBXFileReference section */

/* Begin PBXFrameworksBuildPhase section */
		90511A82262C9B4800089549 /* Frameworks */ = {
			isa = PBXFrameworksBuildPhase;
			buildActionMask = 2147483647;
			files = (
				90511AE5262CA62800089549 /* SDWebImageSwiftUI in Frameworks */,
			);
			runOnlyForDeploymentPostprocessing = 0;
		};
		90511A98262C9B4900089549 /* Frameworks */ = {
			isa = PBXFrameworksBuildPhase;
			buildActionMask = 2147483647;
			files = (
			);
			runOnlyForDeploymentPostprocessing = 0;
		};
		90511AA3262C9B4900089549 /* Frameworks */ = {
			isa = PBXFrameworksBuildPhase;
			buildActionMask = 2147483647;
			files = (
			);
			runOnlyForDeploymentPostprocessing = 0;
		};
/* End PBXFrameworksBuildPhase section */

/* Begin PBXGroup section */
		90511A7C262C9B4800089549 = {
			isa = PBXGroup;
			children = (
				90511A87262C9B4800089549 /* Comics */,
				90511A9E262C9B4900089549 /* ComicsTests */,
				90511AA9262C9B4900089549 /* ComicsUITests */,
				90511A86262C9B4800089549 /* Products */,
			);
			sourceTree = "<group>";
		};
		90511A86262C9B4800089549 /* Products */ = {
			isa = PBXGroup;
			children = (
				90511A85262C9B4800089549 /* Comics.app */,
				90511A9B262C9B4900089549 /* ComicsTests.xctest */,
				90511AA6262C9B4900089549 /* ComicsUITests.xctest */,
			);
			name = Products;
			sourceTree = "<group>";
		};
		90511A87262C9B4800089549 /* Comics */ = {
			isa = PBXGroup;
			children = (
				9051D67B262D6E6E00CB355F /* AppDelegates */,
				9051D673262D6E2300CB355F /* ComicsList */,
				9051D677262D6E5500CB355F /* AppConstants */,
				90511B3D262CBB5D00089549 /* HelperClass */,
				90511B34262CB77200089549 /* Network */,
				90511B2D262CB75900089549 /* ServiceManager */,
				90511AFF262CA71C00089549 /* Extensions */,
				90511B16262CA7AF00089549 /* Modifiers */,
				90511B0B262CA77800089549 /* SupportingViews */,
				90511AD2262CA3C900089549 /* GenericViews */,
				90511A8E262C9B4800089549 /* Assets.xcassets */,
				90511A93262C9B4800089549 /* LaunchScreen.storyboard */,
				90511A96262C9B4800089549 /* Info.plist */,
				90511A90262C9B4800089549 /* Preview Content */,
			);
			path = Comics;
			sourceTree = "<group>";
		};
		90511A90262C9B4800089549 /* Preview Content */ = {
			isa = PBXGroup;
			children = (
				90511A91262C9B4800089549 /* Preview Assets.xcassets */,
			);
			path = "Preview Content";
			sourceTree = "<group>";
		};
		90511A9E262C9B4900089549 /* ComicsTests */ = {
			isa = PBXGroup;
			children = (
				90511A9F262C9B4900089549 /* ComicsTests.swift */,
				90511AA1262C9B4900089549 /* Info.plist */,
			);
			path = ComicsTests;
			sourceTree = "<group>";
		};
		90511AA9262C9B4900089549 /* ComicsUITests */ = {
			isa = PBXGroup;
			children = (
				90511AAA262C9B4900089549 /* ComicsUITests.swift */,
				90511AAC262C9B4900089549 /* Info.plist */,
			);
			path = ComicsUITests;
			sourceTree = "<group>";
		};
		90511AD2262CA3C900089549 /* GenericViews */ = {
			isa = PBXGroup;
			children = (
				90511ACD262CA3AC00089549 /* ParallaxZoomView.swift */,
			);
			path = GenericViews;
			sourceTree = "<group>";
		};
		90511ADB262CA5DC00089549 /* ViewModel */ = {
			isa = PBXGroup;
			children = (
				90511AC3262C9DC100089549 /* ComicsViewModel.swift */,
			);
			path = ViewModel;
			sourceTree = "<group>";
		};
		90511ADF262CA5E400089549 /* View */ = {
			isa = PBXGroup;
			children = (
				90511A8C262C9B4800089549 /* ComicListView.swift */,
				90511ABE262C9D9100089549 /* ComicCarouselView.swift */,
				90511AE9262CA63500089549 /* ComicView.swift */,
				90511AEE262CA68D00089549 /* OptionView.swift */,
				90511AF3262CA6A300089549 /* TabButton.swift */,
			);
			path = View;
			sourceTree = "<group>";
		};
		90511AFF262CA71C00089549 /* Extensions */ = {
			isa = PBXGroup;
			children = (
				90511AF8262CA71700089549 /* Font+Custom.swift */,
				90511AF9262CA71700089549 /* View+Gradient.swift */,
			);
			path = Extensions;
			sourceTree = "<group>";
		};
		90511B0B262CA77800089549 /* SupportingViews */ = {
			isa = PBXGroup;
			children = (
				90511B06262CA77500089549 /* Loader.swift */,
			);
			path = SupportingViews;
			sourceTree = "<group>";
		};
		90511B16262CA7AF00089549 /* Modifiers */ = {
			isa = PBXGroup;
			children = (
				90511B10262CA7AA00089549 /* ViewGadient.swift */,
				90511B0F262CA7AA00089549 /* ViewModifiers.swift */,
			);
			path = Modifiers;
			sourceTree = "<group>";
		};
		90511B2D262CB75900089549 /* ServiceManager */ = {
			isa = PBXGroup;
			children = (
				90511B25262CB73E00089549 /* JsonDecode.swift */,
				90511B26262CB73E00089549 /* RESTAPIProtocol.swift */,
				90511B24262CB73E00089549 /* URLSessionExtensions.swift */,
			);
			path = ServiceManager;
			sourceTree = "<group>";
		};
		90511B34262CB77200089549 /* Network */ = {
			isa = PBXGroup;
			children = (
				90511B1F262CB72000089549 /* NetworkMonitor.swift */,
			);
			path = Network;
			sourceTree = "<group>";
		};
		90511B3D262CBB5D00089549 /* HelperClass */ = {
			isa = PBXGroup;
			children = (
				90511B38262CBB4D00089549 /* CustomError.swift */,
			);
			path = HelperClass;
			sourceTree = "<group>";
		};
		9051D66B262D6DFC00CB355F /* Model */ = {
			isa = PBXGroup;
			children = (
				90511AC8262C9DD100089549 /* ComicModel.swift */,
			);
			path = Model;
			sourceTree = "<group>";
		};
		9051D66F262D6E0400CB355F /* ServiceLayer */ = {
			isa = PBXGroup;
			children = (
				90511B1A262CB69700089549 /* APIManager.swift */,
			);
			path = ServiceLayer;
			sourceTree = "<group>";
		};
		9051D673262D6E2300CB355F /* ComicsList */ = {
			isa = PBXGroup;
			children = (
				90511ADF262CA5E400089549 /* View */,
				90511ADB262CA5DC00089549 /* ViewModel */,
				9051D66B262D6DFC00CB355F /* Model */,
				9051D66F262D6E0400CB355F /* ServiceLayer */,
			);
			path = ComicsList;
			sourceTree = "<group>";
		};
		9051D677262D6E5500CB355F /* AppConstants */ = {
			isa = PBXGroup;
			children = (
				90511AD6262CA58100089549 /* Constants.swift */,
			);
			path = AppConstants;
			sourceTree = "<group>";
		};
		9051D67B262D6E6E00CB355F /* AppDelegates */ = {
			isa = PBXGroup;
			children = (
				90511A88262C9B4800089549 /* AppDelegate.swift */,
				90511A8A262C9B4800089549 /* SceneDelegate.swift */,
			);
			path = AppDelegates;
			sourceTree = "<group>";
		};
/* End PBXGroup section */

/* Begin PBXNativeTarget section */
		90511A84262C9B4800089549 /* Comics */ = {
			isa = PBXNativeTarget;
			buildConfigurationList = 90511AAF262C9B4900089549 /* Build configuration list for PBXNativeTarget "Comics" */;
			buildPhases = (
				90511A81262C9B4800089549 /* Sources */,
				90511A82262C9B4800089549 /* Frameworks */,
				90511A83262C9B4800089549 /* Resources */,
			);
			buildRules = (
			);
			dependencies = (
			);
			name = Comics;
			packageProductDependencies = (
				90511AE4262CA62800089549 /* SDWebImageSwiftUI */,
			);
			productName = Comics;
			productReference = 90511A85262C9B4800089549 /* Comics.app */;
			productType = "com.apple.product-type.application";
		};
		90511A9A262C9B4900089549 /* ComicsTests */ = {
			isa = PBXNativeTarget;
			buildConfigurationList = 90511AB2262C9B4900089549 /* Build configuration list for PBXNativeTarget "ComicsTests" */;
			buildPhases = (
				90511A97262C9B4900089549 /* Sources */,
				90511A98262C9B4900089549 /* Frameworks */,
				90511A99262C9B4900089549 /* Resources */,
			);
			buildRules = (
			);
			dependencies = (
				90511A9D262C9B4900089549 /* PBXTargetDependency */,
			);
			name = ComicsTests;
			productName = ComicsTests;
			productReference = 90511A9B262C9B4900089549 /* ComicsTests.xctest */;
			productType = "com.apple.product-type.bundle.unit-test";
		};
		90511AA5262C9B4900089549 /* ComicsUITests */ = {
			isa = PBXNativeTarget;
			buildConfigurationList = 90511AB5262C9B4900089549 /* Build configuration list for PBXNativeTarget "ComicsUITests" */;
			buildPhases = (
				90511AA2262C9B4900089549 /* Sources */,
				90511AA3262C9B4900089549 /* Frameworks */,
				90511AA4262C9B4900089549 /* Resources */,
			);
			buildRules = (
			);
			dependencies = (
				90511AA8262C9B4900089549 /* PBXTargetDependency */,
			);
			name = ComicsUITests;
			productName = ComicsUITests;
			productReference = 90511AA6262C9B4900089549 /* ComicsUITests.xctest */;
			productType = "com.apple.product-type.bundle.ui-testing";
		};
/* End PBXNativeTarget section */

/* Begin PBXProject section */
		90511A7D262C9B4800089549 /* Project object */ = {
			isa = PBXProject;
			attributes = {
				LastSwiftUpdateCheck = 1240;
				LastUpgradeCheck = 1240;
				TargetAttributes = {
					90511A84262C9B4800089549 = {
						CreatedOnToolsVersion = 12.4;
					};
					90511A9A262C9B4900089549 = {
						CreatedOnToolsVersion = 12.4;
						TestTargetID = 90511A84262C9B4800089549;
					};
					90511AA5262C9B4900089549 = {
						CreatedOnToolsVersion = 12.4;
						TestTargetID = 90511A84262C9B4800089549;
					};
				};
			};
			buildConfigurationList = 90511A80262C9B4800089549 /* Build configuration list for PBXProject "Comics" */;
			compatibilityVersion = "Xcode 9.3";
			developmentRegion = en;
			hasScannedForEncodings = 0;
			knownRegions = (
				en,
				Base,
			);
			mainGroup = 90511A7C262C9B4800089549;
			packageReferences = (
				90511AE3262CA62800089549 /* XCRemoteSwiftPackageReference "SDWebImageSwiftUI" */,
			);
			productRefGroup = 90511A86262C9B4800089549 /* Products */;
			projectDirPath = "";
			projectRoot = "";
			targets = (
				90511A84262C9B4800089549 /* Comics */,
				90511A9A262C9B4900089549 /* ComicsTests */,
				90511AA5262C9B4900089549 /* ComicsUITests */,
			);
		};
/* End PBXProject section */

/* Begin PBXResourcesBuildPhase section */
		90511A83262C9B4800089549 /* Resources */ = {
			isa = PBXResourcesBuildPhase;
			buildActionMask = 2147483647;
			files = (
				90511A95262C9B4800089549 /* LaunchScreen.storyboard in Resources */,
				90511A92262C9B4800089549 /* Preview Assets.xcassets in Resources */,
				90511A8F262C9B4800089549 /* Assets.xcassets in Resources */,
			);
			runOnlyForDeploymentPostprocessing = 0;
		};
		90511A99262C9B4900089549 /* Resources */ = {
			isa = PBXResourcesBuildPhase;
			buildActionMask = 2147483647;
			files = (
			);
			runOnlyForDeploymentPostprocessing = 0;
		};
		90511AA4262C9B4900089549 /* Resources */ = {
			isa = PBXResourcesBuildPhase;
			buildActionMask = 2147483647;
			files = (
			);
			runOnlyForDeploymentPostprocessing = 0;
		};
/* End PBXResourcesBuildPhase section */

/* Begin PBXSourcesBuildPhase section */
		90511A81262C9B4800089549 /* Sources */ = {
			isa = PBXSourcesBuildPhase;
			buildActionMask = 2147483647;
			files = (
				90511B11262CA7AA00089549 /* ViewModifiers.swift in Sources */,
				90511B28262CB73E00089549 /* JsonDecode.swift in Sources */,
				90511A89262C9B4800089549 /* AppDelegate.swift in Sources */,
				90511AFA262CA71700089549 /* Font+Custom.swift in Sources */,
				90511B27262CB73E00089549 /* URLSessionExtensions.swift in Sources */,
				90511B12262CA7AA00089549 /* ViewGadient.swift in Sources */,
				90511A8B262C9B4800089549 /* SceneDelegate.swift in Sources */,
				90511B39262CBB4D00089549 /* CustomError.swift in Sources */,
				90511ABF262C9D9100089549 /* ComicCarouselView.swift in Sources */,
				90511AEF262CA68D00089549 /* OptionView.swift in Sources */,
				90511B20262CB72000089549 /* NetworkMonitor.swift in Sources */,
				90511AFB262CA71700089549 /* View+Gradient.swift in Sources */,
				90511AC4262C9DC100089549 /* ComicsViewModel.swift in Sources */,
				90511A8D262C9B4800089549 /* ComicListView.swift in Sources */,
				90511ACE262CA3AC00089549 /* ParallaxZoomView.swift in Sources */,
				90511AC9262C9DD100089549 /* ComicModel.swift in Sources */,
				90511B29262CB73E00089549 /* RESTAPIProtocol.swift in Sources */,
				90511B1B262CB69700089549 /* APIManager.swift in Sources */,
				90511AF4262CA6A300089549 /* TabButton.swift in Sources */,
				90511AEA262CA63500089549 /* ComicView.swift in Sources */,
				90511B07262CA77500089549 /* Loader.swift in Sources */,
				90511AD7262CA58100089549 /* Constants.swift in Sources */,
			);
			runOnlyForDeploymentPostprocessing = 0;
		};
		90511A97262C9B4900089549 /* Sources */ = {
			isa = PBXSourcesBuildPhase;
			buildActionMask = 2147483647;
			files = (
				90511AA0262C9B4900089549 /* ComicsTests.swift in Sources */,
			);
			runOnlyForDeploymentPostprocessing = 0;
		};
		90511AA2262C9B4900089549 /* Sources */ = {
			isa = PBXSourcesBuildPhase;
			buildActionMask = 2147483647;
			files = (
				90511AAB262C9B4900089549 /* ComicsUITests.swift in Sources */,
			);
			runOnlyForDeploymentPostprocessing = 0;
		};
/* End PBXSourcesBuildPhase section */

/* Begin PBXTargetDependency section */
		90511A9D262C9B4900089549 /* PBXTargetDependency */ = {
			isa = PBXTargetDependency;
			target = 90511A84262C9B4800089549 /* Comics */;
			targetProxy = 90511A9C262C9B4900089549 /* PBXContainerItemProxy */;
		};
		90511AA8262C9B4900089549 /* PBXTargetDependency */ = {
			isa = PBXTargetDependency;
			target = 90511A84262C9B4800089549 /* Comics */;
			targetProxy = 90511AA7262C9B4900089549 /* PBXContainerItemProxy */;
		};
/* End PBXTargetDependency section */

/* Begin PBXVariantGroup section */
		90511A93262C9B4800089549 /* LaunchScreen.storyboard */ = {
			isa = PBXVariantGroup;
			children = (
				90511A94262C9B4800089549 /* Base */,
			);
			name = LaunchScreen.storyboard;
			sourceTree = "<group>";
		};
/* End PBXVariantGroup section */

/* Begin XCBuildConfiguration section */
		90511AAD262C9B4900089549 /* Debug */ = {
			isa = XCBuildConfiguration;
			buildSettings = {
				ALWAYS_SEARCH_USER_PATHS = NO;
				CLANG_ANALYZER_NONNULL = YES;
				CLANG_ANALYZER_NUMBER_OBJECT_CONVERSION = YES_AGGRESSIVE;
				CLANG_CXX_LANGUAGE_STANDARD = "gnu++14";
				CLANG_CXX_LIBRARY = "libc++";
				CLANG_ENABLE_MODULES = YES;
				CLANG_ENABLE_OBJC_ARC = YES;
				CLANG_ENABLE_OBJC_WEAK = YES;
				CLANG_WARN_BLOCK_CAPTURE_AUTORELEASING = YES;
				CLANG_WARN_BOOL_CONVERSION = YES;
				CLANG_WARN_COMMA = YES;
				CLANG_WARN_CONSTANT_CONVERSION = YES;
				CLANG_WARN_DEPRECATED_OBJC_IMPLEMENTATIONS = YES;
				CLANG_WARN_DIRECT_OBJC_ISA_USAGE = YES_ERROR;
				CLANG_WARN_DOCUMENTATION_COMMENTS = YES;
				CLANG_WARN_EMPTY_BODY = YES;
				CLANG_WARN_ENUM_CONVERSION = YES;
				CLANG_WARN_INFINITE_RECURSION = YES;
				CLANG_WARN_INT_CONVERSION = YES;
				CLANG_WARN_NON_LITERAL_NULL_CONVERSION = YES;
				CLANG_WARN_OBJC_IMPLICIT_RETAIN_SELF = YES;
				CLANG_WARN_OBJC_LITERAL_CONVERSION = YES;
				CLANG_WARN_OBJC_ROOT_CLASS = YES_ERROR;
				CLANG_WARN_QUOTED_INCLUDE_IN_FRAMEWORK_HEADER = YES;
				CLANG_WARN_RANGE_LOOP_ANALYSIS = YES;
				CLANG_WARN_STRICT_PROTOTYPES = YES;
				CLANG_WARN_SUSPICIOUS_MOVE = YES;
				CLANG_WARN_UNGUARDED_AVAILABILITY = YES_AGGRESSIVE;
				CLANG_WARN_UNREACHABLE_CODE = YES;
				CLANG_WARN__DUPLICATE_METHOD_MATCH = YES;
				COPY_PHASE_STRIP = NO;
				DEBUG_INFORMATION_FORMAT = dwarf;
				ENABLE_STRICT_OBJC_MSGSEND = YES;
				ENABLE_TESTABILITY = YES;
				GCC_C_LANGUAGE_STANDARD = gnu11;
				GCC_DYNAMIC_NO_PIC = NO;
				GCC_NO_COMMON_BLOCKS = YES;
				GCC_OPTIMIZATION_LEVEL = 0;
				GCC_PREPROCESSOR_DEFINITIONS = (
					"DEBUG=1",
					"$(inherited)",
				);
				GCC_WARN_64_TO_32_BIT_CONVERSION = YES;
				GCC_WARN_ABOUT_RETURN_TYPE = YES_ERROR;
				GCC_WARN_UNDECLARED_SELECTOR = YES;
				GCC_WARN_UNINITIALIZED_AUTOS = YES_AGGRESSIVE;
				GCC_WARN_UNUSED_FUNCTION = YES;
				GCC_WARN_UNUSED_VARIABLE = YES;
				IPHONEOS_DEPLOYMENT_TARGET = 14.4;
				MTL_ENABLE_DEBUG_INFO = INCLUDE_SOURCE;
				MTL_FAST_MATH = YES;
				ONLY_ACTIVE_ARCH = YES;
				SDKROOT = iphoneos;
				SWIFT_ACTIVE_COMPILATION_CONDITIONS = DEBUG;
				SWIFT_OPTIMIZATION_LEVEL = "-Onone";
			};
			name = Debug;
		};
		90511AAE262C9B4900089549 /* Release */ = {
			isa = XCBuildConfiguration;
			buildSettings = {
				ALWAYS_SEARCH_USER_PATHS = NO;
				CLANG_ANALYZER_NONNULL = YES;
				CLANG_ANALYZER_NUMBER_OBJECT_CONVERSION = YES_AGGRESSIVE;
				CLANG_CXX_LANGUAGE_STANDARD = "gnu++14";
				CLANG_CXX_LIBRARY = "libc++";
				CLANG_ENABLE_MODULES = YES;
				CLANG_ENABLE_OBJC_ARC = YES;
				CLANG_ENABLE_OBJC_WEAK = YES;
				CLANG_WARN_BLOCK_CAPTURE_AUTORELEASING = YES;
				CLANG_WARN_BOOL_CONVERSION = YES;
				CLANG_WARN_COMMA = YES;
				CLANG_WARN_CONSTANT_CONVERSION = YES;
				CLANG_WARN_DEPRECATED_OBJC_IMPLEMENTATIONS = YES;
				CLANG_WARN_DIRECT_OBJC_ISA_USAGE = YES_ERROR;
				CLANG_WARN_DOCUMENTATION_COMMENTS = YES;
				CLANG_WARN_EMPTY_BODY = YES;
				CLANG_WARN_ENUM_CONVERSION = YES;
				CLANG_WARN_INFINITE_RECURSION = YES;
				CLANG_WARN_INT_CONVERSION = YES;
				CLANG_WARN_NON_LITERAL_NULL_CONVERSION = YES;
				CLANG_WARN_OBJC_IMPLICIT_RETAIN_SELF = YES;
				CLANG_WARN_OBJC_LITERAL_CONVERSION = YES;
				CLANG_WARN_OBJC_ROOT_CLASS = YES_ERROR;
				CLANG_WARN_QUOTED_INCLUDE_IN_FRAMEWORK_HEADER = YES;
				CLANG_WARN_RANGE_LOOP_ANALYSIS = YES;
				CLANG_WARN_STRICT_PROTOTYPES = YES;
				CLANG_WARN_SUSPICIOUS_MOVE = YES;
				CLANG_WARN_UNGUARDED_AVAILABILITY = YES_AGGRESSIVE;
				CLANG_WARN_UNREACHABLE_CODE = YES;
				CLANG_WARN__DUPLICATE_METHOD_MATCH = YES;
				COPY_PHASE_STRIP = NO;
				DEBUG_INFORMATION_FORMAT = "dwarf-with-dsym";
				ENABLE_NS_ASSERTIONS = NO;
				ENABLE_STRICT_OBJC_MSGSEND = YES;
				GCC_C_LANGUAGE_STANDARD = gnu11;
				GCC_NO_COMMON_BLOCKS = YES;
				GCC_WARN_64_TO_32_BIT_CONVERSION = YES;
				GCC_WARN_ABOUT_RETURN_TYPE = YES_ERROR;
				GCC_WARN_UNDECLARED_SELECTOR = YES;
				GCC_WARN_UNINITIALIZED_AUTOS = YES_AGGRESSIVE;
				GCC_WARN_UNUSED_FUNCTION = YES;
				GCC_WARN_UNUSED_VARIABLE = YES;
				IPHONEOS_DEPLOYMENT_TARGET = 14.4;
				MTL_ENABLE_DEBUG_INFO = NO;
				MTL_FAST_MATH = YES;
				SDKROOT = iphoneos;
				SWIFT_COMPILATION_MODE = wholemodule;
				SWIFT_OPTIMIZATION_LEVEL = "-O";
				VALIDATE_PRODUCT = YES;
			};
			name = Release;
		};
		90511AB0262C9B4900089549 /* Debug */ = {
			isa = XCBuildConfiguration;
			buildSettings = {
				ASSETCATALOG_COMPILER_APPICON_NAME = AppIcon;
				ASSETCATALOG_COMPILER_GLOBAL_ACCENT_COLOR_NAME = AccentColor;
				CODE_SIGN_STYLE = Automatic;
				DEVELOPMENT_ASSET_PATHS = "\"Comics/Preview Content\"";
				ENABLE_PREVIEWS = YES;
				INFOPLIST_FILE = Comics/Info.plist;
				LD_RUNPATH_SEARCH_PATHS = (
					"$(inherited)",
					"@executable_path/Frameworks",
				);
				PRODUCT_BUNDLE_IDENTIFIER = com.SampleSwiftUI.Comics;
				PRODUCT_NAME = "$(TARGET_NAME)";
				SWIFT_VERSION = 5.0;
				TARGETED_DEVICE_FAMILY = "1,2";
			};
			name = Debug;
		};
		90511AB1262C9B4900089549 /* Release */ = {
			isa = XCBuildConfiguration;
			buildSettings = {
				ASSETCATALOG_COMPILER_APPICON_NAME = AppIcon;
				ASSETCATALOG_COMPILER_GLOBAL_ACCENT_COLOR_NAME = AccentColor;
				CODE_SIGN_STYLE = Automatic;
				DEVELOPMENT_ASSET_PATHS = "\"Comics/Preview Content\"";
				ENABLE_PREVIEWS = YES;
				INFOPLIST_FILE = Comics/Info.plist;
				LD_RUNPATH_SEARCH_PATHS = (
					"$(inherited)",
					"@executable_path/Frameworks",
				);
				PRODUCT_BUNDLE_IDENTIFIER = com.SampleSwiftUI.Comics;
				PRODUCT_NAME = "$(TARGET_NAME)";
				SWIFT_VERSION = 5.0;
				TARGETED_DEVICE_FAMILY = "1,2";
			};
			name = Release;
		};
		90511AB3262C9B4900089549 /* Debug */ = {
			isa = XCBuildConfiguration;
			buildSettings = {
				ALWAYS_EMBED_SWIFT_STANDARD_LIBRARIES = YES;
				BUNDLE_LOADER = "$(TEST_HOST)";
				CODE_SIGN_STYLE = Automatic;
				INFOPLIST_FILE = ComicsTests/Info.plist;
				IPHONEOS_DEPLOYMENT_TARGET = 14.4;
				LD_RUNPATH_SEARCH_PATHS = (
					"$(inherited)",
					"@executable_path/Frameworks",
					"@loader_path/Frameworks",
				);
				PRODUCT_BUNDLE_IDENTIFIER = com.SampleSwiftUI.ComicsTests;
				PRODUCT_NAME = "$(TARGET_NAME)";
				SWIFT_VERSION = 5.0;
				TARGETED_DEVICE_FAMILY = "1,2";
				TEST_HOST = "$(BUILT_PRODUCTS_DIR)/Comics.app/Comics";
			};
			name = Debug;
		};
		90511AB4262C9B4900089549 /* Release */ = {
			isa = XCBuildConfiguration;
			buildSettings = {
				ALWAYS_EMBED_SWIFT_STANDARD_LIBRARIES = YES;
				BUNDLE_LOADER = "$(TEST_HOST)";
				CODE_SIGN_STYLE = Automatic;
				INFOPLIST_FILE = ComicsTests/Info.plist;
				IPHONEOS_DEPLOYMENT_TARGET = 14.4;
				LD_RUNPATH_SEARCH_PATHS = (
					"$(inherited)",
					"@executable_path/Frameworks",
					"@loader_path/Frameworks",
				);
				PRODUCT_BUNDLE_IDENTIFIER = com.SampleSwiftUI.ComicsTests;
				PRODUCT_NAME = "$(TARGET_NAME)";
				SWIFT_VERSION = 5.0;
				TARGETED_DEVICE_FAMILY = "1,2";
				TEST_HOST = "$(BUILT_PRODUCTS_DIR)/Comics.app/Comics";
			};
			name = Release;
		};
		90511AB6262C9B4900089549 /* Debug */ = {
			isa = XCBuildConfiguration;
			buildSettings = {
				ALWAYS_EMBED_SWIFT_STANDARD_LIBRARIES = YES;
				CODE_SIGN_STYLE = Automatic;
				INFOPLIST_FILE = ComicsUITests/Info.plist;
				LD_RUNPATH_SEARCH_PATHS = (
					"$(inherited)",
					"@executable_path/Frameworks",
					"@loader_path/Frameworks",
				);
				PRODUCT_BUNDLE_IDENTIFIER = com.SampleSwiftUI.ComicsUITests;
				PRODUCT_NAME = "$(TARGET_NAME)";
				SWIFT_VERSION = 5.0;
				TARGETED_DEVICE_FAMILY = "1,2";
				TEST_TARGET_NAME = Comics;
			};
			name = Debug;
		};
		90511AB7262C9B4900089549 /* Release */ = {
			isa = XCBuildConfiguration;
			buildSettings = {
				ALWAYS_EMBED_SWIFT_STANDARD_LIBRARIES = YES;
				CODE_SIGN_STYLE = Automatic;
				INFOPLIST_FILE = ComicsUITests/Info.plist;
				LD_RUNPATH_SEARCH_PATHS = (
					"$(inherited)",
					"@executable_path/Frameworks",
					"@loader_path/Frameworks",
				);
				PRODUCT_BUNDLE_IDENTIFIER = com.SampleSwiftUI.ComicsUITests;
				PRODUCT_NAME = "$(TARGET_NAME)";
				SWIFT_VERSION = 5.0;
				TARGETED_DEVICE_FAMILY = "1,2";
				TEST_TARGET_NAME = Comics;
			};
			name = Release;
		};
/* End XCBuildConfiguration section */

/* Begin XCConfigurationList section */
		90511A80262C9B4800089549 /* Build configuration list for PBXProject "Comics" */ = {
			isa = XCConfigurationList;
			buildConfigurations = (
				90511AAD262C9B4900089549 /* Debug */,
				90511AAE262C9B4900089549 /* Release */,
			);
			defaultConfigurationIsVisible = 0;
			defaultConfigurationName = Release;
		};
		90511AAF262C9B4900089549 /* Build configuration list for PBXNativeTarget "Comics" */ = {
			isa = XCConfigurationList;
			buildConfigurations = (
				90511AB0262C9B4900089549 /* Debug */,
				90511AB1262C9B4900089549 /* Release */,
			);
			defaultConfigurationIsVisible = 0;
			defaultConfigurationName = Release;
		};
		90511AB2262C9B4900089549 /* Build configuration list for PBXNativeTarget "ComicsTests" */ = {
			isa = XCConfigurationList;
			buildConfigurations = (
				90511AB3262C9B4900089549 /* Debug */,
				90511AB4262C9B4900089549 /* Release */,
			);
			defaultConfigurationIsVisible = 0;
			defaultConfigurationName = Release;
		};
		90511AB5262C9B4900089549 /* Build configuration list for PBXNativeTarget "ComicsUITests" */ = {
			isa = XCConfigurationList;
			buildConfigurations = (
				90511AB6262C9B4900089549 /* Debug */,
				90511AB7262C9B4900089549 /* Release */,
			);
			defaultConfigurationIsVisible = 0;
			defaultConfigurationName = Release;
		};
/* End XCConfigurationList section */

/* Begin XCRemoteSwiftPackageReference section */
		90511AE3262CA62800089549 /* XCRemoteSwiftPackageReference "SDWebImageSwiftUI" */ = {
			isa = XCRemoteSwiftPackageReference;
			repositoryURL = "https://github.com/SDWebImage/SDWebImageSwiftUI.git";
			requirement = {
				kind = upToNextMajorVersion;
				minimumVersion = 2.0.2;
			};
		};
/* End XCRemoteSwiftPackageReference section */

/* Begin XCSwiftPackageProductDependency section */
		90511AE4262CA62800089549 /* SDWebImageSwiftUI */ = {
			isa = XCSwiftPackageProductDependency;
			package = 90511AE3262CA62800089549 /* XCRemoteSwiftPackageReference "SDWebImageSwiftUI" */;
			productName = SDWebImageSwiftUI;
		};
/* End XCSwiftPackageProductDependency section */
	};
	rootObject = 90511A7D262C9B4800089549 /* Project object */;
}
